
Microsoft Visual Studio Solution File, Format Version 12.00
# Visual Studio Version 17
VisualStudioVersion = 17.9.34728.123
MinimumVisualStudioVersion = 10.0.40219.1
Project("{00D1A9C2-B5F0-4AF3-8072-F6C62B433612}") = "URLStatus.Database", "URLStatus.Database\URLStatus.Database.sqlproj", "{0E01DD8B-6370-44B2-AD12-9E864FB9B241}"
EndProject
Global
	GlobalSection(SolutionConfigurationPlatforms) = preSolution
		Debug|Any CPU = Debug|Any CPU
		Release|Any CPU = Release|Any CPU
	EndGlobalSection
	GlobalSection(ProjectConfigurationPlatforms) = postSolution
		{0E01DD8B-6370-44B2-AD12-9E864FB9B241}.Debug|Any CPU.ActiveCfg = Debug|Any CPU
		{0E01DD8B-6370-44B2-AD12-9E864FB9B241}.Debug|Any CPU.Build.0 = Debug|Any CPU
		{0E01DD8B-6370-44B2-AD12-9E864FB9B241}.Debug|Any CPU.Deploy.0 = Debug|Any CPU
		{0E01DD8B-6370-44B2-AD12-9E864FB9B241}.Release|Any CPU.ActiveCfg = Release|Any CPU
		{0E01DD8B-6370-44B2-AD12-9E864FB9B241}.Release|Any CPU.Build.0 = Release|Any CPU
		{0E01DD8B-6370-44B2-AD12-9E864FB9B241}.Release|Any CPU.Deploy.0 = Release|Any CPU
	EndGlobalSection
	GlobalSection(SolutionProperties) = preSolution
		HideSolutionNode = FALSE
	EndGlobalSection
	GlobalSection(ExtensibilityGlobals) = postSolution
		SolutionGuid = {9FE8C72C-A5B5-49EE-94EB-A19A96BB31DD}
	EndGlobalSection
EndGlobal
